// !$*UTF8*$!
{
	archiveVersion = 1;
	classes = {
	};
	objectVersion = 46;
	objects = {

/* Begin PBXBuildFile section */
		20A7D61719986245007BE12E /* Foundation.framework in Frameworks */ = {isa = PBXBuildFile; fileRef = 20A7D61619986245007BE12E /* Foundation.framework */; };
		20A7D61919986245007BE12E /* CoreGraphics.framework in Frameworks */ = {isa = PBXBuildFile; fileRef = 20A7D61819986245007BE12E /* CoreGraphics.framework */; };
		20A7D61B19986245007BE12E /* UIKit.framework in Frameworks */ = {isa = PBXBuildFile; fileRef = 20A7D61A19986245007BE12E /* UIKit.framework */; };
		20A7D62119986245007BE12E /* InfoPlist.strings in Resources */ = {isa = PBXBuildFile; fileRef = 20A7D61F19986245007BE12E /* InfoPlist.strings */; };
		20A7D62319986245007BE12E /* main.m in Sources */ = {isa = PBXBuildFile; fileRef = 20A7D62219986245007BE12E /* main.m */; };
		20A7D62719986245007BE12E /* AppDelegate.m in Sources */ = {isa = PBXBuildFile; fileRef = 20A7D62619986245007BE12E /* AppDelegate.m */; };
		20A7D62A19986245007BE12E /* Main.storyboard in Resources */ = {isa = PBXBuildFile; fileRef = 20A7D62819986245007BE12E /* Main.storyboard */; };
		20A7D62D19986245007BE12E /* CameraViewController.m in Sources */ = {isa = PBXBuildFile; fileRef = 20A7D62C19986245007BE12E /* CameraViewController.m */; };
		20A7D62F19986245007BE12E /* Images.xcassets in Resources */ = {isa = PBXBuildFile; fileRef = 20A7D62E19986245007BE12E /* Images.xcassets */; };
		20A7D63619986245007BE12E /* XCTest.framework in Frameworks */ = {isa = PBXBuildFile; fileRef = 20A7D63519986245007BE12E /* XCTest.framework */; };
		20A7D63719986246007BE12E /* Foundation.framework in Frameworks */ = {isa = PBXBuildFile; fileRef = 20A7D61619986245007BE12E /* Foundation.framework */; };
		20A7D63819986246007BE12E /* UIKit.framework in Frameworks */ = {isa = PBXBuildFile; fileRef = 20A7D61A19986245007BE12E /* UIKit.framework */; };
		20A7D64019986246007BE12E /* InfoPlist.strings in Resources */ = {isa = PBXBuildFile; fileRef = 20A7D63E19986246007BE12E /* InfoPlist.strings */; };
		20A7D64219986246007BE12E /* butterstillTests.m in Sources */ = {isa = PBXBuildFile; fileRef = 20A7D64119986246007BE12E /* butterstillTests.m */; };
		20A7D64C19986529007BE12E /* AVFoundation.framework in Frameworks */ = {isa = PBXBuildFile; fileRef = 20A7D64B19986529007BE12E /* AVFoundation.framework */; };
		20A7D64E1998C5DB007BE12E /* libsqlite3.dylib in Frameworks */ = {isa = PBXBuildFile; fileRef = 20A7D64D1998C5DB007BE12E /* libsqlite3.dylib */; };
		20A7D6511998C647007BE12E /* DBManager.m in Sources */ = {isa = PBXBuildFile; fileRef = 20A7D6501998C647007BE12E /* DBManager.m */; };
		BA9D1B92B65841F1AB980129 /* libPods.a in Frameworks */ = {isa = PBXBuildFile; fileRef = 1629F127CF0746E2BFB8BBB9 /* libPods.a */; };
/* End PBXBuildFile section */

/* Begin PBXContainerItemProxy section */
		20A7D63919986246007BE12E /* PBXContainerItemProxy */ = {
			isa = PBXContainerItemProxy;
			containerPortal = 20A7D60B19986245007BE12E /* Project object */;
			proxyType = 1;
			remoteGlobalIDString = 20A7D61219986245007BE12E;
			remoteInfo = butterstill;
		};
/* End PBXContainerItemProxy section */

/* Begin PBXFileReference section */
		1629F127CF0746E2BFB8BBB9 /* libPods.a */ = {isa = PBXFileReference; explicitFileType = archive.ar; includeInIndex = 0; path = libPods.a; sourceTree = BUILT_PRODUCTS_DIR; };
		20A7D61319986245007BE12E /* butterstill.app */ = {isa = PBXFileReference; explicitFileType = wrapper.application; includeInIndex = 0; path = butterstill.app; sourceTree = BUILT_PRODUCTS_DIR; };
		20A7D61619986245007BE12E /* Foundation.framework */ = {isa = PBXFileReference; lastKnownFileType = wrapper.framework; name = Foundation.framework; path = System/Library/Frameworks/Foundation.framework; sourceTree = SDKROOT; };
		20A7D61819986245007BE12E /* CoreGraphics.framework */ = {isa = PBXFileReference; lastKnownFileType = wrapper.framework; name = CoreGraphics.framework; path = System/Library/Frameworks/CoreGraphics.framework; sourceTree = SDKROOT; };
		20A7D61A19986245007BE12E /* UIKit.framework */ = {isa = PBXFileReference; lastKnownFileType = wrapper.framework; name = UIKit.framework; path = System/Library/Frameworks/UIKit.framework; sourceTree = SDKROOT; };
		20A7D61E19986245007BE12E /* butterstill-Info.plist */ = {isa = PBXFileReference; lastKnownFileType = text.plist.xml; path = "butterstill-Info.plist"; sourceTree = "<group>"; };
		20A7D62019986245007BE12E /* en */ = {isa = PBXFileReference; lastKnownFileType = text.plist.strings; name = en; path = en.lproj/InfoPlist.strings; sourceTree = "<group>"; };
		20A7D62219986245007BE12E /* main.m */ = {isa = PBXFileReference; lastKnownFileType = sourcecode.c.objc; path = main.m; sourceTree = "<group>"; };
		20A7D62419986245007BE12E /* butterstill-Prefix.pch */ = {isa = PBXFileReference; lastKnownFileType = sourcecode.c.h; path = "butterstill-Prefix.pch"; sourceTree = "<group>"; };
		20A7D62519986245007BE12E /* AppDelegate.h */ = {isa = PBXFileReference; lastKnownFileType = sourcecode.c.h; path = AppDelegate.h; sourceTree = "<group>"; };
		20A7D62619986245007BE12E /* AppDelegate.m */ = {isa = PBXFileReference; lastKnownFileType = sourcecode.c.objc; path = AppDelegate.m; sourceTree = "<group>"; };
		20A7D62919986245007BE12E /* Base */ = {isa = PBXFileReference; lastKnownFileType = file.storyboard; name = Base; path = Base.lproj/Main.storyboard; sourceTree = "<group>"; };
		20A7D62B19986245007BE12E /* CameraViewController.h */ = {isa = PBXFileReference; lastKnownFileType = sourcecode.c.h; path = CameraViewController.h; sourceTree = "<group>"; };
		20A7D62C19986245007BE12E /* CameraViewController.m */ = {isa = PBXFileReference; lastKnownFileType = sourcecode.c.objc; path = CameraViewController.m; sourceTree = "<group>"; };
		20A7D62E19986245007BE12E /* Images.xcassets */ = {isa = PBXFileReference; lastKnownFileType = folder.assetcatalog; path = Images.xcassets; sourceTree = "<group>"; };
		20A7D63419986245007BE12E /* butterstillTests.xctest */ = {isa = PBXFileReference; explicitFileType = wrapper.cfbundle; includeInIndex = 0; path = butterstillTests.xctest; sourceTree = BUILT_PRODUCTS_DIR; };
		20A7D63519986245007BE12E /* XCTest.framework */ = {isa = PBXFileReference; lastKnownFileType = wrapper.framework; name = XCTest.framework; path = Library/Frameworks/XCTest.framework; sourceTree = DEVELOPER_DIR; };
		20A7D63D19986246007BE12E /* butterstillTests-Info.plist */ = {isa = PBXFileReference; lastKnownFileType = text.plist.xml; path = "butterstillTests-Info.plist"; sourceTree = "<group>"; };
		20A7D63F19986246007BE12E /* en */ = {isa = PBXFileReference; lastKnownFileType = text.plist.strings; name = en; path = en.lproj/InfoPlist.strings; sourceTree = "<group>"; };
		20A7D64119986246007BE12E /* butterstillTests.m */ = {isa = PBXFileReference; lastKnownFileType = sourcecode.c.objc; path = butterstillTests.m; sourceTree = "<group>"; };
		20A7D64B19986529007BE12E /* AVFoundation.framework */ = {isa = PBXFileReference; lastKnownFileType = wrapper.framework; name = AVFoundation.framework; path = System/Library/Frameworks/AVFoundation.framework; sourceTree = SDKROOT; };
		20A7D64D1998C5DB007BE12E /* libsqlite3.dylib */ = {isa = PBXFileReference; lastKnownFileType = "compiled.mach-o.dylib"; name = libsqlite3.dylib; path = usr/lib/libsqlite3.dylib; sourceTree = SDKROOT; };
		20A7D64F1998C647007BE12E /* DBManager.h */ = {isa = PBXFileReference; fileEncoding = 4; lastKnownFileType = sourcecode.c.h; path = DBManager.h; sourceTree = "<group>"; };
		20A7D6501998C647007BE12E /* DBManager.m */ = {isa = PBXFileReference; fileEncoding = 4; lastKnownFileType = sourcecode.c.objc; path = DBManager.m; sourceTree = "<group>"; };
		C6E66DB01A324F1DAAD42600 /* Pods.xcconfig */ = {isa = PBXFileReference; includeInIndex = 1; lastKnownFileType = text.xcconfig; name = Pods.xcconfig; path = Pods/Pods.xcconfig; sourceTree = "<group>"; };
/* End PBXFileReference section */

/* Begin PBXFrameworksBuildPhase section */
		20A7D61019986245007BE12E /* Frameworks */ = {
			isa = PBXFrameworksBuildPhase;
			buildActionMask = 2147483647;
			files = (
				20A7D64E1998C5DB007BE12E /* libsqlite3.dylib in Frameworks */,
				20A7D64C19986529007BE12E /* AVFoundation.framework in Frameworks */,
				20A7D61919986245007BE12E /* CoreGraphics.framework in Frameworks */,
				20A7D61B19986245007BE12E /* UIKit.framework in Frameworks */,
				20A7D61719986245007BE12E /* Foundation.framework in Frameworks */,
				BA9D1B92B65841F1AB980129 /* libPods.a in Frameworks */,
			);
			runOnlyForDeploymentPostprocessing = 0;
		};
		20A7D63119986245007BE12E /* Frameworks */ = {
			isa = PBXFrameworksBuildPhase;
			buildActionMask = 2147483647;
			files = (
				20A7D63619986245007BE12E /* XCTest.framework in Frameworks */,
				20A7D63819986246007BE12E /* UIKit.framework in Frameworks */,
				20A7D63719986246007BE12E /* Foundation.framework in Frameworks */,
			);
			runOnlyForDeploymentPostprocessing = 0;
		};
/* End PBXFrameworksBuildPhase section */

/* Begin PBXGroup section */
		20A7D60A19986245007BE12E = {
			isa = PBXGroup;
			children = (
				20A7D61C19986245007BE12E /* butterstill */,
				20A7D63B19986246007BE12E /* butterstillTests */,
				20A7D61519986245007BE12E /* Frameworks */,
				20A7D61419986245007BE12E /* Products */,
				C6E66DB01A324F1DAAD42600 /* Pods.xcconfig */,
			);
			sourceTree = "<group>";
		};
		20A7D61419986245007BE12E /* Products */ = {
			isa = PBXGroup;
			children = (
				20A7D61319986245007BE12E /* butterstill.app */,
				20A7D63419986245007BE12E /* butterstillTests.xctest */,
			);
			name = Products;
			sourceTree = "<group>";
		};
		20A7D61519986245007BE12E /* Frameworks */ = {
			isa = PBXGroup;
			children = (
				20A7D64D1998C5DB007BE12E /* libsqlite3.dylib */,
				20A7D64B19986529007BE12E /* AVFoundation.framework */,
				20A7D61619986245007BE12E /* Foundation.framework */,
				20A7D61819986245007BE12E /* CoreGraphics.framework */,
				20A7D61A19986245007BE12E /* UIKit.framework */,
				20A7D63519986245007BE12E /* XCTest.framework */,
				1629F127CF0746E2BFB8BBB9 /* libPods.a */,
			);
			name = Frameworks;
			sourceTree = "<group>";
		};
		20A7D61C19986245007BE12E /* butterstill */ = {
			isa = PBXGroup;
			children = (
				20A7D64F1998C647007BE12E /* DBManager.h */,
				20A7D6501998C647007BE12E /* DBManager.m */,
				20A7D62519986245007BE12E /* AppDelegate.h */,
				20A7D62619986245007BE12E /* AppDelegate.m */,
				20A7D62819986245007BE12E /* Main.storyboard */,
				20A7D62B19986245007BE12E /* CameraViewController.h */,
				20A7D62C19986245007BE12E /* CameraViewController.m */,
				20A7D62E19986245007BE12E /* Images.xcassets */,
				20A7D61D19986245007BE12E /* Supporting Files */,
			);
			path = butterstill;
			sourceTree = "<group>";
		};
		20A7D61D19986245007BE12E /* Supporting Files */ = {
			isa = PBXGroup;
			children = (
				20A7D61E19986245007BE12E /* butterstill-Info.plist */,
				20A7D61F19986245007BE12E /* InfoPlist.strings */,
				20A7D62219986245007BE12E /* main.m */,
				20A7D62419986245007BE12E /* butterstill-Prefix.pch */,
			);
			name = "Supporting Files";
			sourceTree = "<group>";
		};
		20A7D63B19986246007BE12E /* butterstillTests */ = {
			isa = PBXGroup;
			children = (
				20A7D64119986246007BE12E /* butterstillTests.m */,
				20A7D63C19986246007BE12E /* Supporting Files */,
			);
			path = butterstillTests;
			sourceTree = "<group>";
		};
		20A7D63C19986246007BE12E /* Supporting Files */ = {
			isa = PBXGroup;
			children = (
				20A7D63D19986246007BE12E /* butterstillTests-Info.plist */,
				20A7D63E19986246007BE12E /* InfoPlist.strings */,
			);
			name = "Supporting Files";
			sourceTree = "<group>";
		};
/* End PBXGroup section */

/* Begin PBXNativeTarget section */
		20A7D61219986245007BE12E /* butterstill */ = {
			isa = PBXNativeTarget;
			buildConfigurationList = 20A7D64519986246007BE12E /* Build configuration list for PBXNativeTarget "butterstill" */;
			buildPhases = (
				60B1B5B17B144C45A59C0DBB /* Check Pods Manifest.lock */,
				20A7D60F19986245007BE12E /* Sources */,
				20A7D61019986245007BE12E /* Frameworks */,
				20A7D61119986245007BE12E /* Resources */,
				9434F1321421427EA1BB8484 /* Copy Pods Resources */,
			);
			buildRules = (
			);
			dependencies = (
			);
			name = butterstill;
			productName = butterstill;
			productReference = 20A7D61319986245007BE12E /* butterstill.app */;
			productType = "com.apple.product-type.application";
		};
		20A7D63319986245007BE12E /* butterstillTests */ = {
			isa = PBXNativeTarget;
			buildConfigurationList = 20A7D64819986246007BE12E /* Build configuration list for PBXNativeTarget "butterstillTests" */;
			buildPhases = (
				20A7D63019986245007BE12E /* Sources */,
				20A7D63119986245007BE12E /* Frameworks */,
				20A7D63219986245007BE12E /* Resources */,
			);
			buildRules = (
			);
			dependencies = (
				20A7D63A19986246007BE12E /* PBXTargetDependency */,
			);
			name = butterstillTests;
			productName = butterstillTests;
			productReference = 20A7D63419986245007BE12E /* butterstillTests.xctest */;
			productType = "com.apple.product-type.bundle.unit-test";
		};
/* End PBXNativeTarget section */

/* Begin PBXProject section */
		20A7D60B19986245007BE12E /* Project object */ = {
			isa = PBXProject;
			attributes = {
				LastUpgradeCheck = 0510;
				ORGANIZATIONNAME = Paper;
				TargetAttributes = {
					20A7D61219986245007BE12E = {
						DevelopmentTeam = 6ABD535R9B;
					};
					20A7D63319986245007BE12E = {
						TestTargetID = 20A7D61219986245007BE12E;
					};
				};
			};
			buildConfigurationList = 20A7D60E19986245007BE12E /* Build configuration list for PBXProject "butterstill" */;
			compatibilityVersion = "Xcode 3.2";
			developmentRegion = English;
			hasScannedForEncodings = 0;
			knownRegions = (
				en,
				Base,
			);
			mainGroup = 20A7D60A19986245007BE12E;
			productRefGroup = 20A7D61419986245007BE12E /* Products */;
			projectDirPath = "";
			projectRoot = "";
			targets = (
				20A7D61219986245007BE12E /* butterstill */,
				20A7D63319986245007BE12E /* butterstillTests */,
			);
		};
/* End PBXProject section */

/* Begin PBXResourcesBuildPhase section */
		20A7D61119986245007BE12E /* Resources */ = {
			isa = PBXResourcesBuildPhase;
			buildActionMask = 2147483647;
			files = (
				20A7D62F19986245007BE12E /* Images.xcassets in Resources */,
				20A7D62119986245007BE12E /* InfoPlist.strings in Resources */,
				20A7D62A19986245007BE12E /* Main.storyboard in Resources */,
			);
			runOnlyForDeploymentPostprocessing = 0;
		};
		20A7D63219986245007BE12E /* Resources */ = {
			isa = PBXResourcesBuildPhase;
			buildActionMask = 2147483647;
			files = (
				20A7D64019986246007BE12E /* InfoPlist.strings in Resources */,
			);
			runOnlyForDeploymentPostprocessing = 0;
		};
/* End PBXResourcesBuildPhase section */

/* Begin PBXShellScriptBuildPhase section */
		60B1B5B17B144C45A59C0DBB /* Check Pods Manifest.lock */ = {
			isa = PBXShellScriptBuildPhase;
			buildActionMask = 2147483647;
			files = (
			);
			inputPaths = (
			);
			name = "Check Pods Manifest.lock";
			outputPaths = (
			);
			runOnlyForDeploymentPostprocessing = 0;
			shellPath = /bin/sh;
			shellScript = "diff \"${PODS_ROOT}/../Podfile.lock\" \"${PODS_ROOT}/Manifest.lock\" > /dev/null\nif [[ $? != 0 ]] ; then\n    cat << EOM\nerror: The sandbox is not in sync with the Podfile.lock. Run 'pod install' or update your CocoaPods installation.\nEOM\n    exit 1\nfi\n";
			showEnvVarsInLog = 0;
		};
		9434F1321421427EA1BB8484 /* Copy Pods Resources */ = {
			isa = PBXShellScriptBuildPhase;
			buildActionMask = 2147483647;
			files = (
			);
			inputPaths = (
			);
			name = "Copy Pods Resources";
			outputPaths = (
			);
			runOnlyForDeploymentPostprocessing = 0;
			shellPath = /bin/sh;
			shellScript = "\"${SRCROOT}/Pods/Pods-resources.sh\"\n";
			showEnvVarsInLog = 0;
		};
/* End PBXShellScriptBuildPhase section */

/* Begin PBXSourcesBuildPhase section */
		20A7D60F19986245007BE12E /* Sources */ = {
			isa = PBXSourcesBuildPhase;
			buildActionMask = 2147483647;
			files = (
				20A7D62D19986245007BE12E /* CameraViewController.m in Sources */,
				20A7D62719986245007BE12E /* AppDelegate.m in Sources */,
				20A7D62319986245007BE12E /* main.m in Sources */,
				20A7D6511998C647007BE12E /* DBManager.m in Sources */,
			);
			runOnlyForDeploymentPostprocessing = 0;
		};
		20A7D63019986245007BE12E /* Sources */ = {
			isa = PBXSourcesBuildPhase;
			buildActionMask = 2147483647;
			files = (
				20A7D64219986246007BE12E /* butterstillTests.m in Sources */,
			);
			runOnlyForDeploymentPostprocessing = 0;
		};
/* End PBXSourcesBuildPhase section */

/* Begin PBXTargetDependency section */
		20A7D63A19986246007BE12E /* PBXTargetDependency */ = {
			isa = PBXTargetDependency;
			target = 20A7D61219986245007BE12E /* butterstill */;
			targetProxy = 20A7D63919986246007BE12E /* PBXContainerItemProxy */;
		};
/* End PBXTargetDependency section */

/* Begin PBXVariantGroup section */
		20A7D61F19986245007BE12E /* InfoPlist.strings */ = {
			isa = PBXVariantGroup;
			children = (
				20A7D62019986245007BE12E /* en */,
			);
			name = InfoPlist.strings;
			sourceTree = "<group>";
		};
		20A7D62819986245007BE12E /* Main.storyboard */ = {
			isa = PBXVariantGroup;
			children = (
				20A7D62919986245007BE12E /* Base */,
			);
			name = Main.storyboard;
			sourceTree = "<group>";
		};
		20A7D63E19986246007BE12E /* InfoPlist.strings */ = {
			isa = PBXVariantGroup;
			children = (
				20A7D63F19986246007BE12E /* en */,
			);
			name = InfoPlist.strings;
			sourceTree = "<group>";
		};
/* End PBXVariantGroup section */

/* Begin XCBuildConfiguration section */
		20A7D64319986246007BE12E /* Debug */ = {
			isa = XCBuildConfiguration;
			buildSettings = {
				ALWAYS_SEARCH_USER_PATHS = NO;
				CLANG_CXX_LANGUAGE_STANDARD = "gnu++0x";
				CLANG_CXX_LIBRARY = "libc++";
				CLANG_ENABLE_MODULES = YES;
				CLANG_ENABLE_OBJC_ARC = YES;
				CLANG_WARN_BOOL_CONVERSION = YES;
				CLANG_WARN_CONSTANT_CONVERSION = YES;
				CLANG_WARN_DIRECT_OBJC_ISA_USAGE = YES_ERROR;
				CLANG_WARN_EMPTY_BODY = YES;
				CLANG_WARN_ENUM_CONVERSION = YES;
				CLANG_WARN_INT_CONVERSION = YES;
				CLANG_WARN_OBJC_ROOT_CLASS = YES_ERROR;
				CLANG_WARN__DUPLICATE_METHOD_MATCH = YES;
				"CODE_SIGN_IDENTITY[sdk=iphoneos*]" = "iPhone Developer";
				COPY_PHASE_STRIP = NO;
				GCC_C_LANGUAGE_STANDARD = gnu99;
				GCC_DYNAMIC_NO_PIC = NO;
				GCC_OPTIMIZATION_LEVEL = 0;
				GCC_PREPROCESSOR_DEFINITIONS = (
					"DEBUG=1",
					"$(inherited)",
				);
				GCC_SYMBOLS_PRIVATE_EXTERN = NO;
				GCC_WARN_64_TO_32_BIT_CONVERSION = YES;
				GCC_WARN_ABOUT_RETURN_TYPE = YES_ERROR;
				GCC_WARN_UNDECLARED_SELECTOR = YES;
				GCC_WARN_UNINITIALIZED_AUTOS = YES_AGGRESSIVE;
				GCC_WARN_UNUSED_FUNCTION = YES;
				GCC_WARN_UNUSED_VARIABLE = YES;
				IPHONEOS_DEPLOYMENT_TARGET = 7.1;
				ONLY_ACTIVE_ARCH = YES;
				SDKROOT = iphoneos;
			};
			name = Debug;
		};
		20A7D64419986246007BE12E /* Release */ = {
			isa = XCBuildConfiguration;
			buildSettings = {
				ALWAYS_SEARCH_USER_PATHS = NO;
				CLANG_CXX_LANGUAGE_STANDARD = "gnu++0x";
				CLANG_CXX_LIBRARY = "libc++";
				CLANG_ENABLE_MODULES = YES;
				CLANG_ENABLE_OBJC_ARC = YES;
				CLANG_WARN_BOOL_CONVERSION = YES;
				CLANG_WARN_CONSTANT_CONVERSION = YES;
				CLANG_WARN_DIRECT_OBJC_ISA_USAGE = YES_ERROR;
				CLANG_WARN_EMPTY_BODY = YES;
				CLANG_WARN_ENUM_CONVERSION = YES;
				CLANG_WARN_INT_CONVERSION = YES;
				CLANG_WARN_OBJC_ROOT_CLASS = YES_ERROR;
				CLANG_WARN__DUPLICATE_METHOD_MATCH = YES;
				"CODE_SIGN_IDENTITY[sdk=iphoneos*]" = "iPhone Developer";
				COPY_PHASE_STRIP = YES;
				ENABLE_NS_ASSERTIONS = NO;
				GCC_C_LANGUAGE_STANDARD = gnu99;
				GCC_WARN_64_TO_32_BIT_CONVERSION = YES;
				GCC_WARN_ABOUT_RETURN_TYPE = YES_ERROR;
				GCC_WARN_UNDECLARED_SELECTOR = YES;
				GCC_WARN_UNINITIALIZED_AUTOS = YES_AGGRESSIVE;
				GCC_WARN_UNUSED_FUNCTION = YES;
				GCC_WARN_UNUSED_VARIABLE = YES;
				IPHONEOS_DEPLOYMENT_TARGET = 7.1;
				SDKROOT = iphoneos;
				VALIDATE_PRODUCT = YES;
			};
			name = Release;
		};
		20A7D64619986246007BE12E /* Debug */ = {
			isa = XCBuildConfiguration;
			baseConfigurationReference = C6E66DB01A324F1DAAD42600 /* Pods.xcconfig */;
			buildSettings = {
				ASSETCATALOG_COMPILER_APPICON_NAME = AppIcon;
				ASSETCATALOG_COMPILER_LAUNCHIMAGE_NAME = LaunchImage;
				CODE_SIGN_IDENTITY = "iPhone Developer";
				GCC_PRECOMPILE_PREFIX_HEADER = YES;
				GCC_PREFIX_HEADER = "butterstill/butterstill-Prefix.pch";
				INFOPLIST_FILE = "butterstill/butterstill-Info.plist";
				PRODUCT_NAME = "$(TARGET_NAME)";
				WRAPPER_EXTENSION = app;
			};
			name = Debug;
		};
		20A7D64719986246007BE12E /* Release */ = {
			isa = XCBuildConfiguration;
			baseConfigurationReference = C6E66DB01A324F1DAAD42600 /* Pods.xcconfig */;
			buildSettings = {
				ASSETCATALOG_COMPILER_APPICON_NAME = AppIcon;
				ASSETCATALOG_COMPILER_LAUNCHIMAGE_NAME = LaunchImage;
				CODE_SIGN_IDENTITY = "iPhone Developer";
				GCC_PRECOMPILE_PREFIX_HEADER = YES;
				GCC_PREFIX_HEADER = "butterstill/butterstill-Prefix.pch";
				INFOPLIST_FILE = "butterstill/butterstill-Info.plist";
				PRODUCT_NAME = "$(TARGET_NAME)";
				WRAPPER_EXTENSION = app;
			};
			name = Release;
		};
		20A7D64919986246007BE12E /* Debug */ = {
			isa = XCBuildConfiguration;
			buildSettings = {
				BUNDLE_LOADER = "$(BUILT_PRODUCTS_DIR)/butterstill.app/butterstill";
				FRAMEWORK_SEARCH_PATHS = (
					"$(SDKROOT)/Developer/Library/Frameworks",
					"$(inherited)",
					"$(DEVELOPER_FRAMEWORKS_DIR)",
				);
				GCC_PRECOMPILE_PREFIX_HEADER = YES;
				GCC_PREFIX_HEADER = "butterstill/butterstill-Prefix.pch";
				GCC_PREPROCESSOR_DEFINITIONS = (
					"DEBUG=1",
					"$(inherited)",
				);
				INFOPLIST_FILE = "butterstillTests/butterstillTests-Info.plist";
				PRODUCT_NAME = "$(TARGET_NAME)";
				TEST_HOST = "$(BUNDLE_LOADER)";
				WRAPPER_EXTENSION = xctest;
			};
			name = Debug;
		};
		20A7D64A19986246007BE12E /* Release */ = {
			isa = XCBuildConfiguration;
			buildSettings = {
				BUNDLE_LOADER = "$(BUILT_PRODUCTS_DIR)/butterstill.app/butterstill";
				FRAMEWORK_SEARCH_PATHS = (
					"$(SDKROOT)/Developer/Library/Frameworks",
					"$(inherited)",
					"$(DEVELOPER_FRAMEWORKS_DIR)",
				);
				GCC_PRECOMPILE_PREFIX_HEADER = YES;
				GCC_PREFIX_HEADER = "butterstill/butterstill-Prefix.pch";
				INFOPLIST_FILE = "butterstillTests/butterstillTests-Info.plist";
				PRODUCT_NAME = "$(TARGET_NAME)";
				TEST_HOST = "$(BUNDLE_LOADER)";
				WRAPPER_EXTENSION = xctest;
			};
			name = Release;
		};
/* End XCBuildConfiguration section */

/* Begin XCConfigurationList section */
		20A7D60E19986245007BE12E /* Build configuration list for PBXProject "butterstill" */ = {
			isa = XCConfigurationList;
			buildConfigurations = (
				20A7D64319986246007BE12E /* Debug */,
				20A7D64419986246007BE12E /* Release */,
			);
			defaultConfigurationIsVisible = 0;
			defaultConfigurationName = Release;
		};
		20A7D64519986246007BE12E /* Build configuration list for PBXNativeTarget "butterstill" */ = {
			isa = XCConfigurationList;
			buildConfigurations = (
				20A7D64619986246007BE12E /* Debug */,
				20A7D64719986246007BE12E /* Release */,
			);
			defaultConfigurationIsVisible = 0;
			defaultConfigurationName = Release;
		};
		20A7D64819986246007BE12E /* Build configuration list for PBXNativeTarget "butterstillTests" */ = {
			isa = XCConfigurationList;
			buildConfigurations = (
				20A7D64919986246007BE12E /* Debug */,
				20A7D64A19986246007BE12E /* Release */,
			);
			defaultConfigurationIsVisible = 0;
			defaultConfigurationName = Release;
		};
/* End XCConfigurationList section */
	};
	rootObject = 20A7D60B19986245007BE12E /* Project object */;
}
